
Microsoft Visual Studio Solution File, Format Version 12.00
# Visual Studio Version 17
VisualStudioVersion = 17.9.34616.47
MinimumVisualStudioVersion = 10.0.40219.1
Project("{8BC9CEB8-8B4A-11D0-8D11-00A0C91BC942}") = "CalculatorTutorial", "CalculatorTutorial\CalculatorTutorial.vcxproj", "{36B1B786-DDC8-4F89-B6C5-C9EC58EF18DE}"
EndProject
Global
	GlobalSection(SolutionConfigurationPlatforms) = preSolution
		Debug|x64 = Debug|x64
		Debug|x86 = Debug|x86
		Release|x64 = Release|x64
		Release|x86 = Release|x86
	EndGlobalSection
	GlobalSection(ProjectConfigurationPlatforms) = postSolution
		{36B1B786-DDC8-4F89-B6C5-C9EC58EF18DE}.Debug|x64.ActiveCfg = Debug|x64
		{36B1B786-DDC8-4F89-B6C5-C9EC58EF18DE}.Debug|x64.Build.0 = Debug|x64
		{36B1B786-DDC8-4F89-B6C5-C9EC58EF18DE}.Debug|x86.ActiveCfg = Debug|Win32
		{36B1B786-DDC8-4F89-B6C5-C9EC58EF18DE}.Debug|x86.Build.0 = Debug|Win32
		{36B1B786-DDC8-4F89-B6C5-C9EC58EF18DE}.Release|x64.ActiveCfg = Release|x64
		{36B1B786-DDC8-4F89-B6C5-C9EC58EF18DE}.Release|x64.Build.0 = Release|x64
		{36B1B786-DDC8-4F89-B6C5-C9EC58EF18DE}.Release|x86.ActiveCfg = Release|Win32
		{36B1B786-DDC8-4F89-B6C5-C9EC58EF18DE}.Release|x86.Build.0 = Release|Win32
	EndGlobalSection
	GlobalSection(SolutionProperties) = preSolution
		HideSolutionNode = FALSE
	EndGlobalSection
	GlobalSection(ExtensibilityGlobals) = postSolution
		SolutionGuid = {90B4F95A-AC70-408A-BA50-DA3AC18D70E9}
	EndGlobalSection
EndGlobal
